// !$*UTF8*$!
{
	archiveVersion = 1;
	classes = {
	};
	objectVersion = 77;
	objects = {

/* Begin PBXContainerItemProxy section */
		DB186FEA2D5A3C3A003CB56E /* PBXContainerItemProxy */ = {
			isa = PBXContainerItemProxy;
			containerPortal = DB186FD12D5A3C38003CB56E /* Project object */;
			proxyType = 1;
			remoteGlobalIDString = DB186FD82D5A3C38003CB56E;
			remoteInfo = NewsAppDemo;
		};
		DB186FF42D5A3C3A003CB56E /* PBXContainerItemProxy */ = {
			isa = PBXContainerItemProxy;
			containerPortal = DB186FD12D5A3C38003CB56E /* Project object */;
			proxyType = 1;
			remoteGlobalIDString = DB186FD82D5A3C38003CB56E;
			remoteInfo = NewsAppDemo;
		};
/* End PBXContainerItemProxy section */

/* Begin PBXFileReference section */
		DB186FD92D5A3C38003CB56E /* NewsAppDemo.app */ = {isa = PBXFileReference; explicitFileType = wrapper.application; includeInIndex = 0; path = NewsAppDemo.app; sourceTree = BUILT_PRODUCTS_DIR; };
		DB186FE92D5A3C3A003CB56E /* NewsAppDemoTests.xctest */ = {isa = PBXFileReference; explicitFileType = wrapper.cfbundle; includeInIndex = 0; path = NewsAppDemoTests.xctest; sourceTree = BUILT_PRODUCTS_DIR; };
		DB186FF32D5A3C3A003CB56E /* NewsAppDemoUITests.xctest */ = {isa = PBXFileReference; explicitFileType = wrapper.cfbundle; includeInIndex = 0; path = NewsAppDemoUITests.xctest; sourceTree = BUILT_PRODUCTS_DIR; };
/* End PBXFileReference section */

/* Begin PBXFileSystemSynchronizedRootGroup section */
		DB186FDB2D5A3C38003CB56E /* NewsAppDemo */ = {
			isa = PBXFileSystemSynchronizedRootGroup;
			path = NewsAppDemo;
			sourceTree = "<group>";
		};
		DB186FEC2D5A3C3A003CB56E /* NewsAppDemoTests */ = {
			isa = PBXFileSystemSynchronizedRootGroup;
			path = NewsAppDemoTests;
			sourceTree = "<group>";
		};
		DB186FF62D5A3C3A003CB56E /* NewsAppDemoUITests */ = {
			isa = PBXFileSystemSynchronizedRootGroup;
			path = NewsAppDemoUITests;
			sourceTree = "<group>";
		};
/* End PBXFileSystemSynchronizedRootGroup section */

/* Begin PBXFrameworksBuildPhase section */
		DB186FD62D5A3C38003CB56E /* Frameworks */ = {
			isa = PBXFrameworksBuildPhase;
			buildActionMask = 2147483647;
			files = (
			);
			runOnlyForDeploymentPostprocessing = 0;
		};
		DB186FE62D5A3C3A003CB56E /* Frameworks */ = {
			isa = PBXFrameworksBuildPhase;
			buildActionMask = 2147483647;
			files = (
			);
			runOnlyForDeploymentPostprocessing = 0;
		};
		DB186FF02D5A3C3A003CB56E /* Frameworks */ = {
			isa = PBXFrameworksBuildPhase;
			buildActionMask = 2147483647;
			files = (
			);
			runOnlyForDeploymentPostprocessing = 0;
		};
/* End PBXFrameworksBuildPhase section */

/* Begin PBXGroup section */
		DB186FD02D5A3C38003CB56E = {
			isa = PBXGroup;
			children = (
				DB186FDB2D5A3C38003CB56E /* NewsAppDemo */,
				DB186FEC2D5A3C3A003CB56E /* NewsAppDemoTests */,
				DB186FF62D5A3C3A003CB56E /* NewsAppDemoUITests */,
				DB186FDA2D5A3C38003CB56E /* Products */,
			);
			sourceTree = "<group>";
		};
		DB186FDA2D5A3C38003CB56E /* Products */ = {
			isa = PBXGroup;
			children = (
				DB186FD92D5A3C38003CB56E /* NewsAppDemo.app */,
				DB186FE92D5A3C3A003CB56E /* NewsAppDemoTests.xctest */,
				DB186FF32D5A3C3A003CB56E /* NewsAppDemoUITests.xctest */,
			);
			name = Products;
			sourceTree = "<group>";
		};
/* End PBXGroup section */

/* Begin PBXNativeTarget section */
		DB186FD82D5A3C38003CB56E /* NewsAppDemo */ = {
			isa = PBXNativeTarget;
			buildConfigurationList = DB186FFD2D5A3C3A003CB56E /* Build configuration list for PBXNativeTarget "NewsAppDemo" */;
			buildPhases = (
				DB186FD52D5A3C38003CB56E /* Sources */,
				DB186FD62D5A3C38003CB56E /* Frameworks */,
				DB186FD72D5A3C38003CB56E /* Resources */,
			);
			buildRules = (
			);
			dependencies = (
			);
			fileSystemSynchronizedGroups = (
				DB186FDB2D5A3C38003CB56E /* NewsAppDemo */,
			);
			name = NewsAppDemo;
			packageProductDependencies = (
			);
			productName = NewsAppDemo;
			productReference = DB186FD92D5A3C38003CB56E /* NewsAppDemo.app */;
			productType = "com.apple.product-type.application";
		};
		DB186FE82D5A3C3A003CB56E /* NewsAppDemoTests */ = {
			isa = PBXNativeTarget;
			buildConfigurationList = DB1870002D5A3C3A003CB56E /* Build configuration list for PBXNativeTarget "NewsAppDemoTests" */;
			buildPhases = (
				DB186FE52D5A3C3A003CB56E /* Sources */,
				DB186FE62D5A3C3A003CB56E /* Frameworks */,
				DB186FE72D5A3C3A003CB56E /* Resources */,
			);
			buildRules = (
			);
			dependencies = (
				DB186FEB2D5A3C3A003CB56E /* PBXTargetDependency */,
			);
			fileSystemSynchronizedGroups = (
				DB186FEC2D5A3C3A003CB56E /* NewsAppDemoTests */,
			);
			name = NewsAppDemoTests;
			packageProductDependencies = (
			);
			productName = NewsAppDemoTests;
			productReference = DB186FE92D5A3C3A003CB56E /* NewsAppDemoTests.xctest */;
			productType = "com.apple.product-type.bundle.unit-test";
		};
		DB186FF22D5A3C3A003CB56E /* NewsAppDemoUITests */ = {
			isa = PBXNativeTarget;
			buildConfigurationList = DB1870032D5A3C3A003CB56E /* Build configuration list for PBXNativeTarget "NewsAppDemoUITests" */;
			buildPhases = (
				DB186FEF2D5A3C3A003CB56E /* Sources */,
				DB186FF02D5A3C3A003CB56E /* Frameworks */,
				DB186FF12D5A3C3A003CB56E /* Resources */,
			);
			buildRules = (
			);
			dependencies = (
				DB186FF52D5A3C3A003CB56E /* PBXTargetDependency */,
			);
			fileSystemSynchronizedGroups = (
				DB186FF62D5A3C3A003CB56E /* NewsAppDemoUITests */,
			);
			name = NewsAppDemoUITests;
			packageProductDependencies = (
			);
			productName = NewsAppDemoUITests;
			productReference = DB186FF32D5A3C3A003CB56E /* NewsAppDemoUITests.xctest */;
			productType = "com.apple.product-type.bundle.ui-testing";
		};
/* End PBXNativeTarget section */

/* Begin PBXProject section */
		DB186FD12D5A3C38003CB56E /* Project object */ = {
			isa = PBXProject;
			attributes = {
				BuildIndependentTargetsInParallel = 1;
				LastSwiftUpdateCheck = 1620;
				LastUpgradeCheck = 1620;
				TargetAttributes = {
					DB186FD82D5A3C38003CB56E = {
						CreatedOnToolsVersion = 16.2;
					};
					DB186FE82D5A3C3A003CB56E = {
						CreatedOnToolsVersion = 16.2;
						TestTargetID = DB186FD82D5A3C38003CB56E;
					};
					DB186FF22D5A3C3A003CB56E = {
						CreatedOnToolsVersion = 16.2;
						TestTargetID = DB186FD82D5A3C38003CB56E;
					};
				};
			};
			buildConfigurationList = DB186FD42D5A3C38003CB56E /* Build configuration list for PBXProject "NewsAppDemo" */;
			developmentRegion = en;
			hasScannedForEncodings = 0;
			knownRegions = (
				en,
				Base,
			);
			mainGroup = DB186FD02D5A3C38003CB56E;
			minimizedProjectReferenceProxies = 1;
			preferredProjectObjectVersion = 77;
			productRefGroup = DB186FDA2D5A3C38003CB56E /* Products */;
			projectDirPath = "";
			projectRoot = "";
			targets = (
				DB186FD82D5A3C38003CB56E /* NewsAppDemo */,
				DB186FE82D5A3C3A003CB56E /* NewsAppDemoTests */,
				DB186FF22D5A3C3A003CB56E /* NewsAppDemoUITests */,
			);
		};
/* End PBXProject section */

/* Begin PBXResourcesBuildPhase section */
		DB186FD72D5A3C38003CB56E /* Resources */ = {
			isa = PBXResourcesBuildPhase;
			buildActionMask = 2147483647;
			files = (
			);
			runOnlyForDeploymentPostprocessing = 0;
		};
		DB186FE72D5A3C3A003CB56E /* Resources */ = {
			isa = PBXResourcesBuildPhase;
			buildActionMask = 2147483647;
			files = (
			);
			runOnlyForDeploymentPostprocessing = 0;
		};
		DB186FF12D5A3C3A003CB56E /* Resources */ = {
			isa = PBXResourcesBuildPhase;
			buildActionMask = 2147483647;
			files = (
			);
			runOnlyForDeploymentPostprocessing = 0;
		};
/* End PBXResourcesBuildPhase section */

/* Begin PBXSourcesBuildPhase section */
		DB186FD52D5A3C38003CB56E /* Sources */ = {
			isa = PBXSourcesBuildPhase;
			buildActionMask = 2147483647;
			files = (
			);
			runOnlyForDeploymentPostprocessing = 0;
		};
		DB186FE52D5A3C3A003CB56E /* Sources */ = {
			isa = PBXSourcesBuildPhase;
			buildActionMask = 2147483647;
			files = (
			);
			runOnlyForDeploymentPostprocessing = 0;
		};
		DB186FEF2D5A3C3A003CB56E /* Sources */ = {
			isa = PBXSourcesBuildPhase;
			buildActionMask = 2147483647;
			files = (
			);
			runOnlyForDeploymentPostprocessing = 0;
		};
/* End PBXSourcesBuildPhase section */

/* Begin PBXTargetDependency section */
		DB186FEB2D5A3C3A003CB56E /* PBXTargetDependency */ = {
			isa = PBXTargetDependency;
			target = DB186FD82D5A3C38003CB56E /* NewsAppDemo */;
			targetProxy = DB186FEA2D5A3C3A003CB56E /* PBXContainerItemProxy */;
		};
		DB186FF52D5A3C3A003CB56E /* PBXTargetDependency */ = {
			isa = PBXTargetDependency;
			target = DB186FD82D5A3C38003CB56E /* NewsAppDemo */;
			targetProxy = DB186FF42D5A3C3A003CB56E /* PBXContainerItemProxy */;
		};
/* End PBXTargetDependency section */

/* Begin XCBuildConfiguration section */
		DB186FFB2D5A3C3A003CB56E /* Debug */ = {
			isa = XCBuildConfiguration;
			buildSettings = {
				ALWAYS_SEARCH_USER_PATHS = NO;
				ASSETCATALOG_COMPILER_GENERATE_SWIFT_ASSET_SYMBOL_EXTENSIONS = YES;
				CLANG_ANALYZER_NONNULL = YES;
				CLANG_ANALYZER_NUMBER_OBJECT_CONVERSION = YES_AGGRESSIVE;
				CLANG_CXX_LANGUAGE_STANDARD = "gnu++20";
				CLANG_ENABLE_MODULES = YES;
				CLANG_ENABLE_OBJC_ARC = YES;
				CLANG_ENABLE_OBJC_WEAK = YES;
				CLANG_WARN_BLOCK_CAPTURE_AUTORELEASING = YES;
				CLANG_WARN_BOOL_CONVERSION = YES;
				CLANG_WARN_COMMA = YES;
				CLANG_WARN_CONSTANT_CONVERSION = YES;
				CLANG_WARN_DEPRECATED_OBJC_IMPLEMENTATIONS = YES;
				CLANG_WARN_DIRECT_OBJC_ISA_USAGE = YES_ERROR;
				CLANG_WARN_DOCUMENTATION_COMMENTS = YES;
				CLANG_WARN_EMPTY_BODY = YES;
				CLANG_WARN_ENUM_CONVERSION = YES;
				CLANG_WARN_INFINITE_RECURSION = YES;
				CLANG_WARN_INT_CONVERSION = YES;
				CLANG_WARN_NON_LITERAL_NULL_CONVERSION = YES;
				CLANG_WARN_OBJC_IMPLICIT_RETAIN_SELF = YES;
				CLANG_WARN_OBJC_LITERAL_CONVERSION = YES;
				CLANG_WARN_OBJC_ROOT_CLASS = YES_ERROR;
				CLANG_WARN_QUOTED_INCLUDE_IN_FRAMEWORK_HEADER = YES;
				CLANG_WARN_RANGE_LOOP_ANALYSIS = YES;
				CLANG_WARN_STRICT_PROTOTYPES = YES;
				CLANG_WARN_SUSPICIOUS_MOVE = YES;
				CLANG_WARN_UNGUARDED_AVAILABILITY = YES_AGGRESSIVE;
				CLANG_WARN_UNREACHABLE_CODE = YES;
				CLANG_WARN__DUPLICATE_METHOD_MATCH = YES;
				COPY_PHASE_STRIP = NO;
				DEBUG_INFORMATION_FORMAT = dwarf;
				ENABLE_STRICT_OBJC_MSGSEND = YES;
				ENABLE_TESTABILITY = YES;
				ENABLE_USER_SCRIPT_SANDBOXING = YES;
				GCC_C_LANGUAGE_STANDARD = gnu17;
				GCC_DYNAMIC_NO_PIC = NO;
				GCC_NO_COMMON_BLOCKS = YES;
				GCC_OPTIMIZATION_LEVEL = 0;
				GCC_PREPROCESSOR_DEFINITIONS = (
					"DEBUG=1",
					"$(inherited)",
				);
				GCC_WARN_64_TO_32_BIT_CONVERSION = YES;
				GCC_WARN_ABOUT_RETURN_TYPE = YES_ERROR;
				GCC_WARN_UNDECLARED_SELECTOR = YES;
				GCC_WARN_UNINITIALIZED_AUTOS = YES_AGGRESSIVE;
				GCC_WARN_UNUSED_FUNCTION = YES;
				GCC_WARN_UNUSED_VARIABLE = YES;
				IPHONEOS_DEPLOYMENT_TARGET = 18.2;
				LOCALIZATION_PREFERS_STRING_CATALOGS = YES;
				MTL_ENABLE_DEBUG_INFO = INCLUDE_SOURCE;
				MTL_FAST_MATH = YES;
				ONLY_ACTIVE_ARCH = YES;
				SDKROOT = iphoneos;
				SWIFT_ACTIVE_COMPILATION_CONDITIONS = "DEBUG $(inherited)";
				SWIFT_OPTIMIZATION_LEVEL = "-Onone";
			};
			name = Debug;
		};
		DB186FFC2D5A3C3A003CB56E /* Release */ = {
			isa = XCBuildConfiguration;
			buildSettings = {
				ALWAYS_SEARCH_USER_PATHS = NO;
				ASSETCATALOG_COMPILER_GENERATE_SWIFT_ASSET_SYMBOL_EXTENSIONS = YES;
				CLANG_ANALYZER_NONNULL = YES;
				CLANG_ANALYZER_NUMBER_OBJECT_CONVERSION = YES_AGGRESSIVE;
				CLANG_CXX_LANGUAGE_STANDARD = "gnu++20";
				CLANG_ENABLE_MODULES = YES;
				CLANG_ENABLE_OBJC_ARC = YES;
				CLANG_ENABLE_OBJC_WEAK = YES;
				CLANG_WARN_BLOCK_CAPTURE_AUTORELEASING = YES;
				CLANG_WARN_BOOL_CONVERSION = YES;
				CLANG_WARN_COMMA = YES;
				CLANG_WARN_CONSTANT_CONVERSION = YES;
				CLANG_WARN_DEPRECATED_OBJC_IMPLEMENTATIONS = YES;
				CLANG_WARN_DIRECT_OBJC_ISA_USAGE = YES_ERROR;
				CLANG_WARN_DOCUMENTATION_COMMENTS = YES;
				CLANG_WARN_EMPTY_BODY = YES;
				CLANG_WARN_ENUM_CONVERSION = YES;
				CLANG_WARN_INFINITE_RECURSION = YES;
				CLANG_WARN_INT_CONVERSION = YES;
				CLANG_WARN_NON_LITERAL_NULL_CONVERSION = YES;
				CLANG_WARN_OBJC_IMPLICIT_RETAIN_SELF = YES;
				CLANG_WARN_OBJC_LITERAL_CONVERSION = YES;
				CLANG_WARN_OBJC_ROOT_CLASS = YES_ERROR;
				CLANG_WARN_QUOTED_INCLUDE_IN_FRAMEWORK_HEADER = YES;
				CLANG_WARN_RANGE_LOOP_ANALYSIS = YES;
				CLANG_WARN_STRICT_PROTOTYPES = YES;
				CLANG_WARN_SUSPICIOUS_MOVE = YES;
				CLANG_WARN_UNGUARDED_AVAILABILITY = YES_AGGRESSIVE;
				CLANG_WARN_UNREACHABLE_CODE = YES;
				CLANG_WARN__DUPLICATE_METHOD_MATCH = YES;
				COPY_PHASE_STRIP = NO;
				DEBUG_INFORMATION_FORMAT = "dwarf-with-dsym";
				ENABLE_NS_ASSERTIONS = NO;
				ENABLE_STRICT_OBJC_MSGSEND = YES;
				ENABLE_USER_SCRIPT_SANDBOXING = YES;
				GCC_C_LANGUAGE_STANDARD = gnu17;
				GCC_NO_COMMON_BLOCKS = YES;
				GCC_WARN_64_TO_32_BIT_CONVERSION = YES;
				GCC_WARN_ABOUT_RETURN_TYPE = YES_ERROR;
				GCC_WARN_UNDECLARED_SELECTOR = YES;
				GCC_WARN_UNINITIALIZED_AUTOS = YES_AGGRESSIVE;
				GCC_WARN_UNUSED_FUNCTION = YES;
				GCC_WARN_UNUSED_VARIABLE = YES;
				IPHONEOS_DEPLOYMENT_TARGET = 18.2;
				LOCALIZATION_PREFERS_STRING_CATALOGS = YES;
				MTL_ENABLE_DEBUG_INFO = NO;
				MTL_FAST_MATH = YES;
				SDKROOT = iphoneos;
				SWIFT_COMPILATION_MODE = wholemodule;
				VALIDATE_PRODUCT = YES;
			};
			name = Release;
		};
		DB186FFE2D5A3C3A003CB56E /* Debug */ = {
			isa = XCBuildConfiguration;
			buildSettings = {
				ASSETCATALOG_COMPILER_APPICON_NAME = AppIcon;
				ASSETCATALOG_COMPILER_GLOBAL_ACCENT_COLOR_NAME = AccentColor;
				CODE_SIGN_STYLE = Automatic;
				CURRENT_PROJECT_VERSION = 1;
				DEVELOPMENT_ASSET_PATHS = "\"NewsAppDemo/Preview Content\"";
				DEVELOPMENT_TEAM = H2HJGXYYBR;
				ENABLE_PREVIEWS = YES;
				GENERATE_INFOPLIST_FILE = YES;
				INFOPLIST_KEY_UIApplicationSceneManifest_Generation = YES;
				INFOPLIST_KEY_UIApplicationSupportsIndirectInputEvents = YES;
				INFOPLIST_KEY_UILaunchScreen_Generation = YES;
				INFOPLIST_KEY_UISupportedInterfaceOrientations_iPad = "UIInterfaceOrientationPortrait UIInterfaceOrientationPortraitUpsideDown UIInterfaceOrientationLandscapeLeft UIInterfaceOrientationLandscapeRight";
				INFOPLIST_KEY_UISupportedInterfaceOrientations_iPhone = "UIInterfaceOrientationPortrait UIInterfaceOrientationLandscapeLeft UIInterfaceOrientationLandscapeRight";
				LD_RUNPATH_SEARCH_PATHS = (
					"$(inherited)",
					"@executable_path/Frameworks",
				);
				MARKETING_VERSION = 1.0;
				PRODUCT_BUNDLE_IDENTIFIER = "Rohit-Company.NewsAppDemo";
				PRODUCT_NAME = "$(TARGET_NAME)";
				SWIFT_EMIT_LOC_STRINGS = YES;
				SWIFT_VERSION = 5.0;
				TARGETED_DEVICE_FAMILY = "1,2";
			};
			name = Debug;
		};
		DB186FFF2D5A3C3A003CB56E /* Release */ = {
			isa = XCBuildConfiguration;
			buildSettings = {
				ASSETCATALOG_COMPILER_APPICON_NAME = AppIcon;
				ASSETCATALOG_COMPILER_GLOBAL_ACCENT_COLOR_NAME = AccentColor;
				CODE_SIGN_STYLE = Automatic;
				CURRENT_PROJECT_VERSION = 1;
				DEVELOPMENT_ASSET_PATHS = "\"NewsAppDemo/Preview Content\"";
				DEVELOPMENT_TEAM = H2HJGXYYBR;
				ENABLE_PREVIEWS = YES;
				GENERATE_INFOPLIST_FILE = YES;
				INFOPLIST_KEY_UIApplicationSceneManifest_Generation = YES;
				INFOPLIST_KEY_UIApplicationSupportsIndirectInputEvents = YES;
				INFOPLIST_KEY_UILaunchScreen_Generation = YES;
				INFOPLIST_KEY_UISupportedInterfaceOrientations_iPad = "UIInterfaceOrientationPortrait UIInterfaceOrientationPortraitUpsideDown UIInterfaceOrientationLandscapeLeft UIInterfaceOrientationLandscapeRight";
				INFOPLIST_KEY_UISupportedInterfaceOrientations_iPhone = "UIInterfaceOrientationPortrait UIInterfaceOrientationLandscapeLeft UIInterfaceOrientationLandscapeRight";
				LD_RUNPATH_SEARCH_PATHS = (
					"$(inherited)",
					"@executable_path/Frameworks",
				);
				MARKETING_VERSION = 1.0;
				PRODUCT_BUNDLE_IDENTIFIER = "Rohit-Company.NewsAppDemo";
				PRODUCT_NAME = "$(TARGET_NAME)";
				SWIFT_EMIT_LOC_STRINGS = YES;
				SWIFT_VERSION = 5.0;
				TARGETED_DEVICE_FAMILY = "1,2";
			};
			name = Release;
		};
		DB1870012D5A3C3A003CB56E /* Debug */ = {
			isa = XCBuildConfiguration;
			buildSettings = {
				BUNDLE_LOADER = "$(TEST_HOST)";
				CODE_SIGN_STYLE = Automatic;
				CURRENT_PROJECT_VERSION = 1;
				DEVELOPMENT_TEAM = H2HJGXYYBR;
				GENERATE_INFOPLIST_FILE = YES;
				IPHONEOS_DEPLOYMENT_TARGET = 18.2;
				MARKETING_VERSION = 1.0;
				PRODUCT_BUNDLE_IDENTIFIER = "Rohit-Company.NewsAppDemoTests";
				PRODUCT_NAME = "$(TARGET_NAME)";
				SWIFT_EMIT_LOC_STRINGS = NO;
				SWIFT_VERSION = 5.0;
				TARGETED_DEVICE_FAMILY = "1,2";
				TEST_HOST = "$(BUILT_PRODUCTS_DIR)/NewsAppDemo.app/$(BUNDLE_EXECUTABLE_FOLDER_PATH)/NewsAppDemo";
			};
			name = Debug;
		};
		DB1870022D5A3C3A003CB56E /* Release */ = {
			isa = XCBuildConfiguration;
			buildSettings = {
				BUNDLE_LOADER = "$(TEST_HOST)";
				CODE_SIGN_STYLE = Automatic;
				CURRENT_PROJECT_VERSION = 1;
				DEVELOPMENT_TEAM = H2HJGXYYBR;
				GENERATE_INFOPLIST_FILE = YES;
				IPHONEOS_DEPLOYMENT_TARGET = 18.2;
				MARKETING_VERSION = 1.0;
				PRODUCT_BUNDLE_IDENTIFIER = "Rohit-Company.NewsAppDemoTests";
				PRODUCT_NAME = "$(TARGET_NAME)";
				SWIFT_EMIT_LOC_STRINGS = NO;
				SWIFT_VERSION = 5.0;
				TARGETED_DEVICE_FAMILY = "1,2";
				TEST_HOST = "$(BUILT_PRODUCTS_DIR)/NewsAppDemo.app/$(BUNDLE_EXECUTABLE_FOLDER_PATH)/NewsAppDemo";
			};
			name = Release;
		};
		DB1870042D5A3C3A003CB56E /* Debug */ = {
			isa = XCBuildConfiguration;
			buildSettings = {
				CODE_SIGN_STYLE = Automatic;
				CURRENT_PROJECT_VERSION = 1;
				DEVELOPMENT_TEAM = H2HJGXYYBR;
				GENERATE_INFOPLIST_FILE = YES;
				MARKETING_VERSION = 1.0;
				PRODUCT_BUNDLE_IDENTIFIER = "Rohit-Company.NewsAppDemoUITests";
				PRODUCT_NAME = "$(TARGET_NAME)";
				SWIFT_EMIT_LOC_STRINGS = NO;
				SWIFT_VERSION = 5.0;
				TARGETED_DEVICE_FAMILY = "1,2";
				TEST_TARGET_NAME = NewsAppDemo;
			};
			name = Debug;
		};
		DB1870052D5A3C3A003CB56E /* Release */ = {
			isa = XCBuildConfiguration;
			buildSettings = {
				CODE_SIGN_STYLE = Automatic;
				CURRENT_PROJECT_VERSION = 1;
				DEVELOPMENT_TEAM = H2HJGXYYBR;
				GENERATE_INFOPLIST_FILE = YES;
				MARKETING_VERSION = 1.0;
				PRODUCT_BUNDLE_IDENTIFIER = "Rohit-Company.NewsAppDemoUITests";
				PRODUCT_NAME = "$(TARGET_NAME)";
				SWIFT_EMIT_LOC_STRINGS = NO;
				SWIFT_VERSION = 5.0;
				TARGETED_DEVICE_FAMILY = "1,2";
				TEST_TARGET_NAME = NewsAppDemo;
			};
			name = Release;
		};
/* End XCBuildConfiguration section */

/* Begin XCConfigurationList section */
		DB186FD42D5A3C38003CB56E /* Build configuration list for PBXProject "NewsAppDemo" */ = {
			isa = XCConfigurationList;
			buildConfigurations = (
				DB186FFB2D5A3C3A003CB56E /* Debug */,
				DB186FFC2D5A3C3A003CB56E /* Release */,
			);
			defaultConfigurationIsVisible = 0;
			defaultConfigurationName = Release;
		};
		DB186FFD2D5A3C3A003CB56E /* Build configuration list for PBXNativeTarget "NewsAppDemo" */ = {
			isa = XCConfigurationList;
			buildConfigurations = (
				DB186FFE2D5A3C3A003CB56E /* Debug */,
				DB186FFF2D5A3C3A003CB56E /* Release */,
			);
			defaultConfigurationIsVisible = 0;
			defaultConfigurationName = Release;
		};
		DB1870002D5A3C3A003CB56E /* Build configuration list for PBXNativeTarget "NewsAppDemoTests" */ = {
			isa = XCConfigurationList;
			buildConfigurations = (
				DB1870012D5A3C3A003CB56E /* Debug */,
				DB1870022D5A3C3A003CB56E /* Release */,
			);
			defaultConfigurationIsVisible = 0;
			defaultConfigurationName = Release;
		};
		DB1870032D5A3C3A003CB56E /* Build configuration list for PBXNativeTarget "NewsAppDemoUITests" */ = {
			isa = XCConfigurationList;
			buildConfigurations = (
				DB1870042D5A3C3A003CB56E /* Debug */,
				DB1870052D5A3C3A003CB56E /* Release */,
			);
			defaultConfigurationIsVisible = 0;
			defaultConfigurationName = Release;
		};
/* End XCConfigurationList section */
	};
	rootObject = DB186FD12D5A3C38003CB56E /* Project object */;
}
